
Microsoft Visual Studio Solution File, Format Version 12.00
# Visual Studio 15
VisualStudioVersion = 15.0.27428.2005
MinimumVisualStudioVersion = 10.0.40219.1
Project("{FAE04EC0-301F-11D3-BF4B-00C04F79EFBC}") = "BizDataLibrary", "BizDataLibrary\BizDataLibrary.csproj", "{4DAA2FD8-ACF9-4EEF-A3DE-53F305E1C5A6}"
EndProject
Project("{FAE04EC0-301F-11D3-BF4B-00C04F79EFBC}") = "BizDataTest001", "BizDataTest001\BizDataTest001.csproj", "{DE54B92E-AF99-4B50-BF1B-FAE2ED1C9746}"
EndProject
Project("{FAE04EC0-301F-11D3-BF4B-00C04F79EFBC}") = "BuildSchoolBizApp", "BuildSchoolBizApp\BuildSchoolBizApp.csproj", "{02DB2DF9-48C6-4306-A295-AEF3B3E02D2C}"
EndProject
Global
	GlobalSection(SolutionConfigurationPlatforms) = preSolution
		Debug|Any CPU = Debug|Any CPU
		Release|Any CPU = Release|Any CPU
	EndGlobalSection
	GlobalSection(ProjectConfigurationPlatforms) = postSolution
		{4DAA2FD8-ACF9-4EEF-A3DE-53F305E1C5A6}.Debug|Any CPU.ActiveCfg = Debug|Any CPU
		{4DAA2FD8-ACF9-4EEF-A3DE-53F305E1C5A6}.Debug|Any CPU.Build.0 = Debug|Any CPU
		{4DAA2FD8-ACF9-4EEF-A3DE-53F305E1C5A6}.Release|Any CPU.ActiveCfg = Release|Any CPU
		{4DAA2FD8-ACF9-4EEF-A3DE-53F305E1C5A6}.Release|Any CPU.Build.0 = Release|Any CPU
		{DE54B92E-AF99-4B50-BF1B-FAE2ED1C9746}.Debug|Any CPU.ActiveCfg = Debug|Any CPU
		{DE54B92E-AF99-4B50-BF1B-FAE2ED1C9746}.Debug|Any CPU.Build.0 = Debug|Any CPU
		{DE54B92E-AF99-4B50-BF1B-FAE2ED1C9746}.Release|Any CPU.ActiveCfg = Release|Any CPU
		{DE54B92E-AF99-4B50-BF1B-FAE2ED1C9746}.Release|Any CPU.Build.0 = Release|Any CPU
		{02DB2DF9-48C6-4306-A295-AEF3B3E02D2C}.Debug|Any CPU.ActiveCfg = Debug|Any CPU
		{02DB2DF9-48C6-4306-A295-AEF3B3E02D2C}.Debug|Any CPU.Build.0 = Debug|Any CPU
		{02DB2DF9-48C6-4306-A295-AEF3B3E02D2C}.Release|Any CPU.ActiveCfg = Release|Any CPU
		{02DB2DF9-48C6-4306-A295-AEF3B3E02D2C}.Release|Any CPU.Build.0 = Release|Any CPU
	EndGlobalSection
	GlobalSection(SolutionProperties) = preSolution
		HideSolutionNode = FALSE
	EndGlobalSection
	GlobalSection(ExtensibilityGlobals) = postSolution
		SolutionGuid = {666C90A8-3083-472D-95BE-67541C037583}
	EndGlobalSection
EndGlobal
